Type: block_loot
Sources:
  minecraft:kelp: 'JobXP 0.30000000000000004~0.5 ; Income 0.03~0.05 ; ContractPoints 0.006~0.01 ; Probability 100.0~100.0 ; '
  minecraft:bamboo: 'JobXP 0.30000000000000004~0.5 ; Income 0.03~0.05 ; ContractPoints 0.006~0.01 ; Probability 100.0~100.0 ; '
  minecraft:sugar_cane: 'JobXP 0.30000000000000004~0.5 ; Income 0.03~0.05 ; ContractPoints 0.006~0.01 ; Probability 100.0~100.0 ; '
  minecraft:sweet_berries: 'JobXP 0.30000000000000004~0.5 ; Income 0.03~0.05 ; ContractPoints 0.006~0.01 ; Probability 100.0~100.0 ; '
  minecraft:glow_berries: 'JobXP 0.30000000000000004~0.5 ; Income 0.03~0.05 ; ContractPoints 0.006~0.01 ; Probability 100.0~100.0 ; '
  minecraft:cactus: 'JobXP 0.30000000000000004~0.5 ; Income 0.03~0.05 ; ContractPoints 0.006~0.01 ; Probability 100.0~100.0 ; '
  minecraft:wheat: 'JobXP 1.0~1.4000000000000001 ; Income 0.12~0.18 ; ContractPoints 0.024~0.036 ; Probability 100.0~100.0 ; '
  minecraft:potato: 'JobXP 1.0~1.4000000000000001 ; Income 0.12~0.18 ; ContractPoints 0.024~0.036 ; Probability 100.0~100.0 ; '
  minecraft:carrot: 'JobXP 1.0~1.4000000000000001 ; Income 0.12~0.18 ; ContractPoints 0.024~0.036 ; Probability 100.0~100.0 ; '
  minecraft:beetroot: 'JobXP 1.0~1.4000000000000001 ; Income 0.12~0.18 ; ContractPoints 0.024~0.036 ; Probability 100.0~100.0 ; '
  minecraft:cocoa_beans: 'JobXP 1.0~1.4000000000000001 ; Income 0.12~0.18 ; ContractPoints 0.024~0.036 ; Probability 100.0~100.0 ; '
  minecraft:nether_wart: 'JobXP 1.0~1.4000000000000001 ; Income 0.12~0.18 ; ContractPoints 0.024~0.036 ; Probability 100.0~100.0 ; '
  minecraft:melon_slice: 'JobXP 0.8~1.2000000000000002 ; Income 0.1~0.14 ; ContractPoints 0.02~0.03 ; Probability 100.0~100.0 ; '
  minecraft:pumpkin: 'JobXP 1.6~2.4000000000000004 ; Income 0.2~0.3 ; ContractPoints 0.04~0.06 ; Probability 100.0~100.0 ; '
  minecraft:brown_mushroom: 'JobXP 1.6~2.4000000000000004 ; Income 0.2~0.3 ; ContractPoints 0.04~0.06 ; Probability 100.0~100.0 ; '
  minecraft:red_mushroom: 'JobXP 1.6~2.4000000000000004 ; Income 0.2~0.3 ; ContractPoints 0.04~0.06 ; Probability 100.0~100.0 ; '
  minecraft:crimson_fungus: 'JobXP 1.6~2.4000000000000004 ; Income 0.2~0.3 ; ContractPoints 0.04~0.06 ; Probability 100.0~100.0 ; '
  minecraft:warped_fungus: 'JobXP 1.6~2.4000000000000004 ; Income 0.2~0.3 ; ContractPoints 0.04~0.06 ; Probability 100.0~100.0 ; '
  minecraft:honey_bottle: 'JobXP 2.4000000000000004~3.6 ; Income 0.32~0.48 ; ContractPoints 0.06~0.09 ; Probability 100.0~100.0 ; '
  minecraft:dandelion: 'JobXP 2.0~3.0 ; Income 0.24~0.36 ; ContractPoints 0.048~0.072 ; Probability 100.0~100.0 ; '
  minecraft:poppy: 'JobXP 2.0~3.0 ; Income 0.24~0.36 ; ContractPoints 0.048~0.072 ; Probability 100.0~100.0 ; '
  minecraft:blue_orchid: 'JobXP 2.0~3.0 ; Income 0.24~0.36 ; ContractPoints 0.048~0.072 ; Probability 100.0~100.0 ; '
  minecraft:allium: 'JobXP 2.0~3.0 ; Income 0.24~0.36 ; ContractPoints 0.048~0.072 ; Probability 100.0~100.0 ; '
  minecraft:cornflower: 'JobXP 2.0~3.0 ; Income 0.24~0.36 ; ContractPoints 0.048~0.072 ; Probability 100.0~100.0 ; '
  minecraft:lily_of_the_valley: 'JobXP 2.0~3.0 ; Income 0.24~0.36 ; ContractPoints 0.048~0.072 ; Probability 100.0~100.0 ; '
  minecraft:sunflower: 'JobXP 2.0~3.0 ; Income 0.24~0.36 ; ContractPoints 0.048~0.072 ; Probability 100.0~100.0 ; '
  minecraft:lilac: 'JobXP 2.0~3.0 ; Income 0.24~0.36 ; ContractPoints 0.048~0.072 ; Probability 100.0~100.0 ; '
  minecraft:lily_pad: 'JobXP 2.0~3.0 ; Income 0.24~0.36 ; ContractPoints 0.048~0.072 ; Probability 100.0~100.0 ; '
  minecraft:rose_bush: 'JobXP 2.0~3.0 ; Income 0.24~0.36 ; ContractPoints 0.048~0.072 ; Probability 100.0~100.0 ; '
  minecraft:peony: 'JobXP 2.0~3.0 ; Income 0.24~0.36 ; ContractPoints 0.048~0.072 ; Probability 100.0~100.0 ; '
  minecraft:pitcher_plant: 'JobXP 3.2~4.800000000000001 ; Income 0.4~0.6 ; ContractPoints 0.08~0.12 ; Probability 100.0~100.0 ; '
  minecraft:torchflower: 'JobXP 3.2~4.800000000000001 ; Income 0.4~0.6 ; ContractPoints 0.08~0.12 ; Probability 100.0~100.0 ; '
  minecraft:open_eyeblossom: 'JobXP 3.2~4.800000000000001 ; Income 0.4~0.6 ; ContractPoints 0.08~0.12 ; Probability 100.0~100.0 ; '
  minecraft:wither_rose: 'JobXP 8.0~12.0 ; Income 1.6~2.4 ; ContractPoints 0.32~0.48 ; Probability 100.0~100.0 ; '
  minecraft:spore_blossom: 'JobXP 8.0~12.0 ; Income 1.6~2.4 ; ContractPoints 0.32~0.48 ; Probability 100.0~100.0 ; '
