Type: strip_block
Sources:
  minecraft:oak_log: 'JobXP 0.6000000000000001~1.0 ; Income 0.06~0.1 ; ContractPoints 0.016~0.024 ; Probability 100.0~100.0 ; '
  minecraft:oak_wood: 'JobXP 0.6000000000000001~1.0 ; Income 0.06~0.1 ; ContractPoints 0.016~0.024 ; Probability 100.0~100.0 ; '
  minecraft:birch_log: 'JobXP 0.6000000000000001~1.0 ; Income 0.06~0.1 ; ContractPoints 0.016~0.024 ; Probability 100.0~100.0 ; '
  minecraft:birch_wood: 'JobXP 0.6000000000000001~1.0 ; Income 0.06~0.1 ; ContractPoints 0.016~0.024 ; Probability 100.0~100.0 ; '
  minecraft:spruce_log: 'JobXP 0.6000000000000001~1.0 ; Income 0.06~0.1 ; ContractPoints 0.016~0.024 ; Probability 100.0~100.0 ; '
  minecraft:spruce_wood: 'JobXP 0.6000000000000001~1.0 ; Income 0.06~0.1 ; ContractPoints 0.016~0.024 ; Probability 100.0~100.0 ; '
  minecraft:cherry_log: 'JobXP 0.6000000000000001~1.0 ; Income 0.06~0.1 ; ContractPoints 0.016~0.024 ; Probability 100.0~100.0 ; '
  minecraft:cherry_wood: 'JobXP 0.6000000000000001~1.0 ; Income 0.06~0.1 ; ContractPoints 0.016~0.024 ; Probability 100.0~100.0 ; '
  minecraft:pale_oak_log: 'JobXP 0.6000000000000001~1.0 ; Income 0.06~0.1 ; ContractPoints 0.016~0.024 ; Probability 100.0~100.0 ; '
  minecraft:pale_oak_wood: 'JobXP 0.6000000000000001~1.0 ; Income 0.06~0.1 ; ContractPoints 0.016~0.024 ; Probability 100.0~100.0 ; '
  minecraft:dark_oak_log: 'JobXP 0.6000000000000001~1.0 ; Income 0.06~0.1 ; ContractPoints 0.016~0.024 ; Probability 100.0~100.0 ; '
  minecraft:dark_oak_wood: 'JobXP 0.6000000000000001~1.0 ; Income 0.06~0.1 ; ContractPoints 0.016~0.024 ; Probability 100.0~100.0 ; '
  minecraft:jungle_log: 'JobXP 0.6000000000000001~1.0 ; Income 0.06~0.1 ; ContractPoints 0.016~0.024 ; Probability 100.0~100.0 ; '
  minecraft:jungle_wood: 'JobXP 0.6000000000000001~1.0 ; Income 0.06~0.1 ; ContractPoints 0.016~0.024 ; Probability 100.0~100.0 ; '
  minecraft:acacia_log: 'JobXP 0.6000000000000001~1.0 ; Income 0.06~0.1 ; ContractPoints 0.016~0.024 ; Probability 100.0~100.0 ; '
  minecraft:acacia_wood: 'JobXP 0.6000000000000001~1.0 ; Income 0.06~0.1 ; ContractPoints 0.016~0.024 ; Probability 100.0~100.0 ; '
  minecraft:mangrove_log: 'JobXP 0.6000000000000001~1.0 ; Income 0.06~0.1 ; ContractPoints 0.016~0.024 ; Probability 100.0~100.0 ; '
  minecraft:mangrove_wood: 'JobXP 0.6000000000000001~1.0 ; Income 0.06~0.1 ; ContractPoints 0.016~0.024 ; Probability 100.0~100.0 ; '
  minecraft:crimson_stem: 'JobXP 0.6000000000000001~1.0 ; Income 0.06~0.1 ; ContractPoints 0.016~0.024 ; Probability 100.0~100.0 ; '
  minecraft:crimson_hyphae: 'JobXP 0.6000000000000001~1.0 ; Income 0.06~0.1 ; ContractPoints 0.016~0.024 ; Probability 100.0~100.0 ; '
  minecraft:warped_stem: 'JobXP 0.6000000000000001~1.0 ; Income 0.06~0.1 ; ContractPoints 0.016~0.024 ; Probability 100.0~100.0 ; '
  minecraft:warped_hyphae: 'JobXP 0.6000000000000001~1.0 ; Income 0.06~0.1 ; ContractPoints 0.016~0.024 ; Probability 100.0~100.0 ; '
