Type: mining
Sources:
  minecraft:oak_log: 'JobXP 1.4000000000000001~2.2 ; Income 0.12~0.18 ; ContractPoints 0.032~0.048 ; Probability 100.0~100.0 ; '
  minecraft:oak_wood: 'JobXP 1.4000000000000001~2.2 ; Income 0.12~0.18 ; ContractPoints 0.032~0.048 ; Probability 100.0~100.0 ; '
  minecraft:stripped_oak_log: 'JobXP 1.4000000000000001~2.2 ; Income 0.12~0.18 ; ContractPoints 0.032~0.048 ; Probability 100.0~100.0 ; '
  minecraft:stripped_oak_wood: 'JobXP 1.4000000000000001~2.2 ; Income 0.12~0.18 ; ContractPoints 0.032~0.048 ; Probability 100.0~100.0 ; '
  minecraft:birch_log: 'JobXP 1.4000000000000001~2.2 ; Income 0.12~0.18 ; ContractPoints 0.032~0.048 ; Probability 100.0~100.0 ; '
  minecraft:birch_wood: 'JobXP 1.4000000000000001~2.2 ; Income 0.12~0.18 ; ContractPoints 0.032~0.048 ; Probability 100.0~100.0 ; '
  minecraft:stripped_birch_log: 'JobXP 1.4000000000000001~2.2 ; Income 0.12~0.18 ; ContractPoints 0.032~0.048 ; Probability 100.0~100.0 ; '
  minecraft:stripped_birch_wood: 'JobXP 1.4000000000000001~2.2 ; Income 0.12~0.18 ; ContractPoints 0.032~0.048 ; Probability 100.0~100.0 ; '
  minecraft:spruce_log: 'JobXP 1.4000000000000001~2.2 ; Income 0.12~0.18 ; ContractPoints 0.032~0.048 ; Probability 100.0~100.0 ; '
  minecraft:spruce_wood: 'JobXP 1.4000000000000001~2.2 ; Income 0.12~0.18 ; ContractPoints 0.032~0.048 ; Probability 100.0~100.0 ; '
  minecraft:stripped_spruce_log: 'JobXP 1.4000000000000001~2.2 ; Income 0.12~0.18 ; ContractPoints 0.032~0.048 ; Probability 100.0~100.0 ; '
  minecraft:stripped_spruce_wood: 'JobXP 1.4000000000000001~2.2 ; Income 0.12~0.18 ; ContractPoints 0.032~0.048 ; Probability 100.0~100.0 ; '
  minecraft:cherry_log: 'JobXP 1.4000000000000001~2.2 ; Income 0.12~0.18 ; ContractPoints 0.032~0.048 ; Probability 100.0~100.0 ; '
  minecraft:cherry_wood: 'JobXP 1.4000000000000001~2.2 ; Income 0.12~0.18 ; ContractPoints 0.032~0.048 ; Probability 100.0~100.0 ; '
  minecraft:stripped_cherry_log: 'JobXP 1.4000000000000001~2.2 ; Income 0.12~0.18 ; ContractPoints 0.032~0.048 ; Probability 100.0~100.0 ; '
  minecraft:stripped_cherry_wood: 'JobXP 1.4000000000000001~2.2 ; Income 0.12~0.18 ; ContractPoints 0.032~0.048 ; Probability 100.0~100.0 ; '
  minecraft:pale_oak_log: 'JobXP 1.4000000000000001~2.2 ; Income 0.12~0.18 ; ContractPoints 0.032~0.048 ; Probability 100.0~100.0 ; '
  minecraft:pale_oak_wood: 'JobXP 1.4000000000000001~2.2 ; Income 0.12~0.18 ; ContractPoints 0.032~0.048 ; Probability 100.0~100.0 ; '
  minecraft:stripped_pale_oak_log: 'JobXP 1.4000000000000001~2.2 ; Income 0.12~0.18 ; ContractPoints 0.032~0.048 ; Probability 100.0~100.0 ; '
  minecraft:stripped_pale_oak_wood: 'JobXP 1.4000000000000001~2.2 ; Income 0.12~0.18 ; ContractPoints 0.032~0.048 ; Probability 100.0~100.0 ; '
  minecraft:dark_oak_log: 'JobXP 1.6~2.4000000000000004 ; Income 0.14~0.22 ; ContractPoints 0.036~0.054 ; Probability 100.0~100.0 ; '
  minecraft:dark_oak_wood: 'JobXP 1.6~2.4000000000000004 ; Income 0.14~0.22 ; ContractPoints 0.036~0.054 ; Probability 100.0~100.0 ; '
  minecraft:stripped_dark_oak_log: 'JobXP 1.6~2.4000000000000004 ; Income 0.14~0.22 ; ContractPoints 0.036~0.054 ; Probability 100.0~100.0 ; '
  minecraft:stripped_dark_oak_wood: 'JobXP 1.6~2.4000000000000004 ; Income 0.14~0.22 ; ContractPoints 0.036~0.054 ; Probability 100.0~100.0 ; '
  minecraft:jungle_log: 'JobXP 1.6~2.4000000000000004 ; Income 0.14~0.22 ; ContractPoints 0.036~0.054 ; Probability 100.0~100.0 ; '
  minecraft:jungle_wood: 'JobXP 1.6~2.4000000000000004 ; Income 0.14~0.22 ; ContractPoints 0.036~0.054 ; Probability 100.0~100.0 ; '
  minecraft:stripped_jungle_log: 'JobXP 1.6~2.4000000000000004 ; Income 0.14~0.22 ; ContractPoints 0.036~0.054 ; Probability 100.0~100.0 ; '
  minecraft:stripped_jungle_wood: 'JobXP 1.6~2.4000000000000004 ; Income 0.14~0.22 ; ContractPoints 0.036~0.054 ; Probability 100.0~100.0 ; '
  minecraft:acacia_log: 'JobXP 1.6~2.4000000000000004 ; Income 0.14~0.22 ; ContractPoints 0.036~0.054 ; Probability 100.0~100.0 ; '
  minecraft:acacia_wood: 'JobXP 1.6~2.4000000000000004 ; Income 0.14~0.22 ; ContractPoints 0.036~0.054 ; Probability 100.0~100.0 ; '
  minecraft:stripped_acacia_log: 'JobXP 1.6~2.4000000000000004 ; Income 0.14~0.22 ; ContractPoints 0.036~0.054 ; Probability 100.0~100.0 ; '
  minecraft:stripped_acacia_wood: 'JobXP 1.6~2.4000000000000004 ; Income 0.14~0.22 ; ContractPoints 0.036~0.054 ; Probability 100.0~100.0 ; '
  minecraft:mangrove_log: 'JobXP 1.8~2.6 ; Income 0.16~0.24 ; ContractPoints 0.04~0.06 ; Probability 100.0~100.0 ; '
  minecraft:mangrove_wood: 'JobXP 1.8~2.6 ; Income 0.16~0.24 ; ContractPoints 0.04~0.06 ; Probability 100.0~100.0 ; '
  minecraft:stripped_mangrove_log: 'JobXP 1.8~2.6 ; Income 0.16~0.24 ; ContractPoints 0.04~0.06 ; Probability 100.0~100.0 ; '
  minecraft:stripped_mangrove_wood: 'JobXP 1.8~2.6 ; Income 0.16~0.24 ; ContractPoints 0.04~0.06 ; Probability 100.0~100.0 ; '
  minecraft:crimson_stem: 'JobXP 2.0~3.0 ; Income 0.18~0.26 ; ContractPoints 0.048~0.072 ; Probability 100.0~100.0 ; '
  minecraft:crimson_hyphae: 'JobXP 2.0~3.0 ; Income 0.18~0.26 ; ContractPoints 0.048~0.072 ; Probability 100.0~100.0 ; '
  minecraft:stripped_crimson_stem: 'JobXP 2.0~3.0 ; Income 0.18~0.26 ; ContractPoints 0.048~0.072 ; Probability 100.0~100.0 ; '
  minecraft:stripped_crimson_hyphae: 'JobXP 2.0~3.0 ; Income 0.18~0.26 ; ContractPoints 0.048~0.072 ; Probability 100.0~100.0 ; '
  minecraft:warped_stem: 'JobXP 2.0~3.0 ; Income 0.18~0.26 ; ContractPoints 0.048~0.072 ; Probability 100.0~100.0 ; '
  minecraft:warped_hyphae: 'JobXP 2.0~3.0 ; Income 0.18~0.26 ; ContractPoints 0.048~0.072 ; Probability 100.0~100.0 ; '
  minecraft:stripped_warped_stem: 'JobXP 2.0~3.0 ; Income 0.18~0.26 ; ContractPoints 0.048~0.072 ; Probability 100.0~100.0 ; '
  minecraft:stripped_warped_hyphae: 'JobXP 2.0~3.0 ; Income 0.18~0.26 ; ContractPoints 0.048~0.072 ; Probability 100.0~100.0 ; '
