Type: mining
Sources:
  minecraft:stone: 'JobXP 1.2000000000000002~1.8 ; Income 0.04~0.06 ; ContractPoints 0.008~0.012 ; Probability 100.0~100.0 ; '
  minecraft:cobblestone: 'JobXP 1.2000000000000002~1.8 ; Income 0.04~0.06 ; ContractPoints 0.008~0.012 ; Probability 100.0~100.0 ; '
  minecraft:deepslate: 'JobXP 1.4000000000000001~2.2 ; Income 0.05~0.07 ; ContractPoints 0.012~0.018 ; Probability 100.0~100.0 ; '
  minecraft:sandstone: 'JobXP 1.0~1.4000000000000001 ; Income 0.03~0.05 ; ContractPoints 0.008~0.012 ; Probability 100.0~100.0 ; '
  minecraft:netherrack: 'JobXP 0.6000000000000001~1.0 ; Income 0.01~0.03 ; ContractPoints 0.004~0.006 ; Probability 100.0~100.0 ; '
  minecraft:andesite: 'JobXP 1.6~2.4000000000000004 ; Income 0.08~0.12 ; ContractPoints 0.016~0.024 ; Probability 100.0~100.0 ; '
  minecraft:diorite: 'JobXP 1.6~2.4000000000000004 ; Income 0.08~0.12 ; ContractPoints 0.016~0.024 ; Probability 100.0~100.0 ; '
  minecraft:granite: 'JobXP 1.6~2.4000000000000004 ; Income 0.08~0.12 ; ContractPoints 0.016~0.024 ; Probability 100.0~100.0 ; '
  minecraft:tuff: 'JobXP 1.6~2.4000000000000004 ; Income 0.08~0.12 ; ContractPoints 0.016~0.024 ; Probability 100.0~100.0 ; '
  minecraft:terracotta: 'JobXP 1.4000000000000001~2.2 ; Income 0.05~0.07 ; ContractPoints 0.012~0.018 ; Probability 100.0~100.0 ; '
  minecraft:basalt: 'JobXP 1.8~2.6 ; Income 0.1~0.14 ; ContractPoints 0.02~0.03 ; Probability 100.0~100.0 ; '
  minecraft:blackstone: 'JobXP 1.8~2.6 ; Income 0.1~0.14 ; ContractPoints 0.02~0.03 ; Probability 100.0~100.0 ; '
  minecraft:calcite: 'JobXP 2.0~3.0 ; Income 0.12~0.18 ; ContractPoints 0.024~0.036 ; Probability 100.0~100.0 ; '
  minecraft:end_stone: 'JobXP 2.0~3.0 ; Income 0.12~0.18 ; ContractPoints 0.024~0.036 ; Probability 100.0~100.0 ; '
  minecraft:prismarine_bricks: 'JobXP 2.4000000000000004~3.6 ; Income 0.16~0.24 ; ContractPoints 0.032~0.048 ; Probability 100.0~100.0 ; '
  minecraft:ice: 'JobXP 0.8~1.2000000000000002 ; Income 0.04~0.06 ; ContractPoints 0.008~0.012 ; Probability 100.0~100.0 ; '
  minecraft:blue_ice: 'JobXP 3.2~4.800000000000001 ; Income 0.2~0.3 ; ContractPoints 0.04~0.06 ; Probability 100.0~100.0 ; '
  minecraft:frosted_ice: 'JobXP 0.0~0.0 ; Income 0.0~0.0 ; ContractPoints 0.0~0.0 ; Probability 100.0~100.0 ; '
