Type: block_loot
Sources:
  minecraft:potatoes: 'JobXP 0.10~0.30 ; Income 0.010~0.030 ; ContractPoints 0.010~0.030 ; Probability 100.0~100.0 ; '
  minecraft:carrots: 'JobXP 0.10~0.30 ; Income 0.010~0.030 ; ContractPoints 0.010~0.030 ; Probability 100.0~100.0 ; '
  minecraft:wheat: 'JobXP 0.13~0.38 ; Income 0.013~0.038 ; ContractPoints 0.013~0.038 ; Probability 100.0~100.0 ; '
  minecraft:beetroots: 'JobXP 0.13~0.38 ; Income 0.013~0.038 ; ContractPoints 0.013~0.038 ; Probability 100.0~100.0 ; '
  minecraft:melon_stem: 'JobXP 0.20~0.60 ; Income 0.020~0.060 ; ContractPoints 0.020~0.060 ; Probability 100.0~100.0 ; '
  minecraft:pumpkin_stem: 'JobXP 0.20~0.60 ; Income 0.020~0.060 ; ContractPoints 0.020~0.060 ; Probability 100.0~100.0 ; '
  minecraft:cactus: 'JobXP 0.15~0.45 ; Income 0.015~0.045 ; ContractPoints 0.015~0.045 ; Probability 100.0~100.0 ; '
  minecraft:cocoa: 'JobXP 0.25~0.75 ; Income 0.025~0.075 ; ContractPoints 0.025~0.075 ; Probability 100.0~100.0 ; '
  minecraft:sweet_berry_bush: 'JobXP 0.13~0.38 ; Income 0.013~0.038 ; ContractPoints 0.013~0.038 ; Probability 100.0~100.0 ; '
  minecraft:glow_lichen: 'JobXP 0.13~0.38 ; Income 0.013~0.038 ; ContractPoints 0.013~0.038 ; Probability 100.0~100.0 ; '
  minecraft:sugar_cane: 'JobXP 0.45~1.35 ; Income 0.045~0.135 ; ContractPoints 0.045~0.135 ; Probability 100.0~100.0 ; '
  minecraft:kelp: 'JobXP 0.30~0.50 ; Income 0.030~0.050 ; ContractPoints 0.006~0.010 ; Probability 100.0~100.0 ; '
  minecraft:bamboo: 'JobXP 0.30~0.50 ; Income 0.030~0.050 ; ContractPoints 0.006~0.010 ; Probability 100.0~100.0 ; '
  minecraft:melon_slice: 'JobXP 0.80~1.20 ; Income 0.100~0.140 ; ContractPoints 0.020~0.030 ; Probability 100.0~100.0 ; '
  minecraft:pumpkin: 'JobXP 1.60~2.40 ; Income 0.200~0.300 ; ContractPoints 0.040~0.060 ; Probability 100.0~100.0 ; '
